
Microsoft Visual Studio Solution File, Format Version 12.00
# Visual Studio Version 16
VisualStudioVersion = 16.0.32106.194
MinimumVisualStudioVersion = 10.0.40219.1
Project("{FAE04EC0-301F-11D3-BF4B-00C04F79EFBC}") = "Api.Gateway.Service", "Api.Gateway.Service\Api.Gateway.Service.csproj", "{0C51C54A-48BA-48A3-9F1A-0609F3D2480A}"
EndProject
Global
	GlobalSection(SolutionConfigurationPlatforms) = preSolution
		Debug|Any CPU = Debug|Any CPU
		Release|Any CPU = Release|Any CPU
	EndGlobalSection
	GlobalSection(ProjectConfigurationPlatforms) = postSolution
		{0C51C54A-48BA-48A3-9F1A-0609F3D2480A}.Debug|Any CPU.ActiveCfg = Debug|Any CPU
		{0C51C54A-48BA-48A3-9F1A-0609F3D2480A}.Debug|Any CPU.Build.0 = Debug|Any CPU
		{0C51C54A-48BA-48A3-9F1A-0609F3D2480A}.Release|Any CPU.ActiveCfg = Release|Any CPU
		{0C51C54A-48BA-48A3-9F1A-0609F3D2480A}.Release|Any CPU.Build.0 = Release|Any CPU
	EndGlobalSection
	GlobalSection(SolutionProperties) = preSolution
		HideSolutionNode = FALSE
	EndGlobalSection
	GlobalSection(ExtensibilityGlobals) = postSolution
		SolutionGuid = {AD45F370-7090-48DE-A7D2-78EAB6DE6C31}
	EndGlobalSection
EndGlobal
